
Microsoft Visual Studio Solution File, Format Version 12.00
# Visual Studio Version 17
VisualStudioVersion = 17.8.34330.188
MinimumVisualStudioVersion = 10.0.40219.1
Project("{9A19103F-16F7-4668-BE54-9A1E7A4F7556}") = "de.jweschenfelder.KSFP.App", "de.jweschenfelder.KSFP.App\de.jweschenfelder.KSFP.App.csproj", "{EA471478-F012-4358-9C46-A4F5BBC09B40}"
EndProject
Project("{9A19103F-16F7-4668-BE54-9A1E7A4F7556}") = "de.jweschenfelder.KSFP.Web", "de.jweschenfelder.KSFP.Web\de.jweschenfelder.KSFP.Web.csproj", "{94FF9F94-A91E-4EA1-B23A-64A2021CB945}"
EndProject
Project("{9A19103F-16F7-4668-BE54-9A1E7A4F7556}") = "de.jweschenfelder.KSFP.Shared", "de.jweschenfelder.KSFP.Shared\de.jweschenfelder.KSFP.Shared.csproj", "{7FA81AAE-1286-402A-93A4-643B7B6EF0C1}"
EndProject
Global
	GlobalSection(SolutionConfigurationPlatforms) = preSolution
		Debug|Any CPU = Debug|Any CPU
		Release|Any CPU = Release|Any CPU
	EndGlobalSection
	GlobalSection(ProjectConfigurationPlatforms) = postSolution
		{EA471478-F012-4358-9C46-A4F5BBC09B40}.Debug|Any CPU.ActiveCfg = Debug|Any CPU
		{EA471478-F012-4358-9C46-A4F5BBC09B40}.Debug|Any CPU.Build.0 = Debug|Any CPU
		{EA471478-F012-4358-9C46-A4F5BBC09B40}.Debug|Any CPU.Deploy.0 = Debug|Any CPU
		{EA471478-F012-4358-9C46-A4F5BBC09B40}.Release|Any CPU.ActiveCfg = Release|Any CPU
		{EA471478-F012-4358-9C46-A4F5BBC09B40}.Release|Any CPU.Build.0 = Release|Any CPU
		{EA471478-F012-4358-9C46-A4F5BBC09B40}.Release|Any CPU.Deploy.0 = Release|Any CPU
		{94FF9F94-A91E-4EA1-B23A-64A2021CB945}.Debug|Any CPU.ActiveCfg = Debug|Any CPU
		{94FF9F94-A91E-4EA1-B23A-64A2021CB945}.Debug|Any CPU.Build.0 = Debug|Any CPU
		{94FF9F94-A91E-4EA1-B23A-64A2021CB945}.Release|Any CPU.ActiveCfg = Release|Any CPU
		{94FF9F94-A91E-4EA1-B23A-64A2021CB945}.Release|Any CPU.Build.0 = Release|Any CPU
		{7FA81AAE-1286-402A-93A4-643B7B6EF0C1}.Debug|Any CPU.ActiveCfg = Debug|Any CPU
		{7FA81AAE-1286-402A-93A4-643B7B6EF0C1}.Debug|Any CPU.Build.0 = Debug|Any CPU
		{7FA81AAE-1286-402A-93A4-643B7B6EF0C1}.Release|Any CPU.ActiveCfg = Release|Any CPU
		{7FA81AAE-1286-402A-93A4-643B7B6EF0C1}.Release|Any CPU.Build.0 = Release|Any CPU
	EndGlobalSection
	GlobalSection(SolutionProperties) = preSolution
		HideSolutionNode = FALSE
	EndGlobalSection
	GlobalSection(ExtensibilityGlobals) = postSolution
		SolutionGuid = {65AD1AEA-DB55-4C87-A1F0-18D0B5FBB946}
	EndGlobalSection
EndGlobal
