
Microsoft Visual Studio Solution File, Format Version 12.00
# Visual Studio Version 17
VisualStudioVersion = 17.8.34330.188
MinimumVisualStudioVersion = 10.0.40219.1
Project("{9A19103F-16F7-4668-BE54-9A1E7A4F7556}") = "de.jweschenfelder.KSFP.Web", "de.jweschenfelder.KSFP.Web\de.jweschenfelder.KSFP.Web.csproj", "{94FF9F94-A91E-4EA1-B23A-64A2021CB945}"
EndProject
Project("{9A19103F-16F7-4668-BE54-9A1E7A4F7556}") = "de.jweschenfelder.KSFP.Shared", "de.jweschenfelder.KSFP.Shared\de.jweschenfelder.KSFP.Shared.csproj", "{7FA81AAE-1286-402A-93A4-643B7B6EF0C1}"
EndProject
Project("{FAE04EC0-301F-11D3-BF4B-00C04F79EFBC}") = "de.jweschenfelder.KSFP.Mobile.Android", "de.jweschenfelder.KSFP.Mobile\de.jweschenfelder.KSFP.Mobile.Android\de.jweschenfelder.KSFP.Mobile.Android.csproj", "{7E802607-D2CE-475B-884D-842A74277ACC}"
EndProject
Project("{FAE04EC0-301F-11D3-BF4B-00C04F79EFBC}") = "de.jweschenfelder.KSFP.Mobile.iOS", "de.jweschenfelder.KSFP.Mobile\de.jweschenfelder.KSFP.Mobile.iOS\de.jweschenfelder.KSFP.Mobile.iOS.csproj", "{13404207-78BC-4A82-981A-18240FA4AF6A}"
EndProject
Project("{FAE04EC0-301F-11D3-BF4B-00C04F79EFBC}") = "de.jweschenfelder.KSFP.Mobile", "de.jweschenfelder.KSFP.Mobile\de.jweschenfelder.KSFP.Mobile\de.jweschenfelder.KSFP.Mobile.csproj", "{47FFC348-10F9-4753-8A95-1AB094FEF0C9}"
EndProject
Global
	GlobalSection(SolutionConfigurationPlatforms) = preSolution
		Debug|Any CPU = Debug|Any CPU
		Debug|iPhone = Debug|iPhone
		Debug|iPhoneSimulator = Debug|iPhoneSimulator
		Release|Any CPU = Release|Any CPU
		Release|iPhone = Release|iPhone
		Release|iPhoneSimulator = Release|iPhoneSimulator
	EndGlobalSection
	GlobalSection(ProjectConfigurationPlatforms) = postSolution
		{94FF9F94-A91E-4EA1-B23A-64A2021CB945}.Debug|Any CPU.ActiveCfg = Debug|Any CPU
		{94FF9F94-A91E-4EA1-B23A-64A2021CB945}.Debug|Any CPU.Build.0 = Debug|Any CPU
		{94FF9F94-A91E-4EA1-B23A-64A2021CB945}.Debug|iPhone.ActiveCfg = Debug|Any CPU
		{94FF9F94-A91E-4EA1-B23A-64A2021CB945}.Debug|iPhone.Build.0 = Debug|Any CPU
		{94FF9F94-A91E-4EA1-B23A-64A2021CB945}.Debug|iPhoneSimulator.ActiveCfg = Debug|Any CPU
		{94FF9F94-A91E-4EA1-B23A-64A2021CB945}.Debug|iPhoneSimulator.Build.0 = Debug|Any CPU
		{94FF9F94-A91E-4EA1-B23A-64A2021CB945}.Release|Any CPU.ActiveCfg = Release|Any CPU
		{94FF9F94-A91E-4EA1-B23A-64A2021CB945}.Release|Any CPU.Build.0 = Release|Any CPU
		{94FF9F94-A91E-4EA1-B23A-64A2021CB945}.Release|iPhone.ActiveCfg = Release|Any CPU
		{94FF9F94-A91E-4EA1-B23A-64A2021CB945}.Release|iPhone.Build.0 = Release|Any CPU
		{94FF9F94-A91E-4EA1-B23A-64A2021CB945}.Release|iPhoneSimulator.ActiveCfg = Release|Any CPU
		{94FF9F94-A91E-4EA1-B23A-64A2021CB945}.Release|iPhoneSimulator.Build.0 = Release|Any CPU
		{7FA81AAE-1286-402A-93A4-643B7B6EF0C1}.Debug|Any CPU.ActiveCfg = Debug|Any CPU
		{7FA81AAE-1286-402A-93A4-643B7B6EF0C1}.Debug|Any CPU.Build.0 = Debug|Any CPU
		{7FA81AAE-1286-402A-93A4-643B7B6EF0C1}.Debug|iPhone.ActiveCfg = Debug|Any CPU
		{7FA81AAE-1286-402A-93A4-643B7B6EF0C1}.Debug|iPhone.Build.0 = Debug|Any CPU
		{7FA81AAE-1286-402A-93A4-643B7B6EF0C1}.Debug|iPhoneSimulator.ActiveCfg = Debug|Any CPU
		{7FA81AAE-1286-402A-93A4-643B7B6EF0C1}.Debug|iPhoneSimulator.Build.0 = Debug|Any CPU
		{7FA81AAE-1286-402A-93A4-643B7B6EF0C1}.Release|Any CPU.ActiveCfg = Release|Any CPU
		{7FA81AAE-1286-402A-93A4-643B7B6EF0C1}.Release|Any CPU.Build.0 = Release|Any CPU
		{7FA81AAE-1286-402A-93A4-643B7B6EF0C1}.Release|iPhone.ActiveCfg = Release|Any CPU
		{7FA81AAE-1286-402A-93A4-643B7B6EF0C1}.Release|iPhone.Build.0 = Release|Any CPU
		{7FA81AAE-1286-402A-93A4-643B7B6EF0C1}.Release|iPhoneSimulator.ActiveCfg = Release|Any CPU
		{7FA81AAE-1286-402A-93A4-643B7B6EF0C1}.Release|iPhoneSimulator.Build.0 = Release|Any CPU
		{7E802607-D2CE-475B-884D-842A74277ACC}.Debug|Any CPU.ActiveCfg = Debug|Any CPU
		{7E802607-D2CE-475B-884D-842A74277ACC}.Debug|Any CPU.Build.0 = Debug|Any CPU
		{7E802607-D2CE-475B-884D-842A74277ACC}.Debug|Any CPU.Deploy.0 = Debug|Any CPU
		{7E802607-D2CE-475B-884D-842A74277ACC}.Debug|iPhone.ActiveCfg = Debug|Any CPU
		{7E802607-D2CE-475B-884D-842A74277ACC}.Debug|iPhone.Build.0 = Debug|Any CPU
		{7E802607-D2CE-475B-884D-842A74277ACC}.Debug|iPhone.Deploy.0 = Debug|Any CPU
		{7E802607-D2CE-475B-884D-842A74277ACC}.Debug|iPhoneSimulator.ActiveCfg = Debug|Any CPU
		{7E802607-D2CE-475B-884D-842A74277ACC}.Debug|iPhoneSimulator.Build.0 = Debug|Any CPU
		{7E802607-D2CE-475B-884D-842A74277ACC}.Debug|iPhoneSimulator.Deploy.0 = Debug|Any CPU
		{7E802607-D2CE-475B-884D-842A74277ACC}.Release|Any CPU.ActiveCfg = Release|Any CPU
		{7E802607-D2CE-475B-884D-842A74277ACC}.Release|Any CPU.Build.0 = Release|Any CPU
		{7E802607-D2CE-475B-884D-842A74277ACC}.Release|Any CPU.Deploy.0 = Release|Any CPU
		{7E802607-D2CE-475B-884D-842A74277ACC}.Release|iPhone.ActiveCfg = Release|Any CPU
		{7E802607-D2CE-475B-884D-842A74277ACC}.Release|iPhone.Build.0 = Release|Any CPU
		{7E802607-D2CE-475B-884D-842A74277ACC}.Release|iPhone.Deploy.0 = Release|Any CPU
		{7E802607-D2CE-475B-884D-842A74277ACC}.Release|iPhoneSimulator.ActiveCfg = Release|Any CPU
		{7E802607-D2CE-475B-884D-842A74277ACC}.Release|iPhoneSimulator.Build.0 = Release|Any CPU
		{7E802607-D2CE-475B-884D-842A74277ACC}.Release|iPhoneSimulator.Deploy.0 = Release|Any CPU
		{13404207-78BC-4A82-981A-18240FA4AF6A}.Debug|Any CPU.ActiveCfg = Debug|iPhoneSimulator
		{13404207-78BC-4A82-981A-18240FA4AF6A}.Debug|Any CPU.Build.0 = Debug|iPhoneSimulator
		{13404207-78BC-4A82-981A-18240FA4AF6A}.Debug|iPhone.ActiveCfg = Debug|iPhone
		{13404207-78BC-4A82-981A-18240FA4AF6A}.Debug|iPhone.Build.0 = Debug|iPhone
		{13404207-78BC-4A82-981A-18240FA4AF6A}.Debug|iPhoneSimulator.ActiveCfg = Debug|iPhoneSimulator
		{13404207-78BC-4A82-981A-18240FA4AF6A}.Debug|iPhoneSimulator.Build.0 = Debug|iPhoneSimulator
		{13404207-78BC-4A82-981A-18240FA4AF6A}.Release|Any CPU.ActiveCfg = Release|iPhoneSimulator
		{13404207-78BC-4A82-981A-18240FA4AF6A}.Release|Any CPU.Build.0 = Release|iPhoneSimulator
		{13404207-78BC-4A82-981A-18240FA4AF6A}.Release|iPhone.ActiveCfg = Release|iPhone
		{13404207-78BC-4A82-981A-18240FA4AF6A}.Release|iPhone.Build.0 = Release|iPhone
		{13404207-78BC-4A82-981A-18240FA4AF6A}.Release|iPhoneSimulator.ActiveCfg = Release|iPhoneSimulator
		{13404207-78BC-4A82-981A-18240FA4AF6A}.Release|iPhoneSimulator.Build.0 = Release|iPhoneSimulator
		{47FFC348-10F9-4753-8A95-1AB094FEF0C9}.Debug|Any CPU.ActiveCfg = Debug|Any CPU
		{47FFC348-10F9-4753-8A95-1AB094FEF0C9}.Debug|Any CPU.Build.0 = Debug|Any CPU
		{47FFC348-10F9-4753-8A95-1AB094FEF0C9}.Debug|iPhone.ActiveCfg = Debug|Any CPU
		{47FFC348-10F9-4753-8A95-1AB094FEF0C9}.Debug|iPhone.Build.0 = Debug|Any CPU
		{47FFC348-10F9-4753-8A95-1AB094FEF0C9}.Debug|iPhoneSimulator.ActiveCfg = Debug|Any CPU
		{47FFC348-10F9-4753-8A95-1AB094FEF0C9}.Debug|iPhoneSimulator.Build.0 = Debug|Any CPU
		{47FFC348-10F9-4753-8A95-1AB094FEF0C9}.Release|Any CPU.ActiveCfg = Release|Any CPU
		{47FFC348-10F9-4753-8A95-1AB094FEF0C9}.Release|Any CPU.Build.0 = Release|Any CPU
		{47FFC348-10F9-4753-8A95-1AB094FEF0C9}.Release|iPhone.ActiveCfg = Release|Any CPU
		{47FFC348-10F9-4753-8A95-1AB094FEF0C9}.Release|iPhone.Build.0 = Release|Any CPU
		{47FFC348-10F9-4753-8A95-1AB094FEF0C9}.Release|iPhoneSimulator.ActiveCfg = Release|Any CPU
		{47FFC348-10F9-4753-8A95-1AB094FEF0C9}.Release|iPhoneSimulator.Build.0 = Release|Any CPU
	EndGlobalSection
	GlobalSection(SolutionProperties) = preSolution
		HideSolutionNode = FALSE
	EndGlobalSection
	GlobalSection(ExtensibilityGlobals) = postSolution
		SolutionGuid = {65AD1AEA-DB55-4C87-A1F0-18D0B5FBB946}
	EndGlobalSection
EndGlobal
